
Microsoft Visual Studio Solution File, Format Version 12.00
# Visual Studio Version 17
VisualStudioVersion = 17.9.34728.123
MinimumVisualStudioVersion = 10.0.40219.1
Project("{9A19103F-16F7-4668-BE54-9A1E7A4F7556}") = "StoreApi", "StoreApi\StoreApi.csproj", "{34BB3510-3C0B-4699-8147-C7CC11DAFC92}"
EndProject
Project("{FAE04EC0-301F-11D3-BF4B-00C04F79EFBC}") = "StoreWebApp", "StoreWebApp\StoreWebApp.csproj", "{B13DAAE9-F309-4371-8CBC-0946807B98B2}"
EndProject
Global
	GlobalSection(SolutionConfigurationPlatforms) = preSolution
		Debug|Any CPU = Debug|Any CPU
		Release|Any CPU = Release|Any CPU
	EndGlobalSection
	GlobalSection(ProjectConfigurationPlatforms) = postSolution
		{34BB3510-3C0B-4699-8147-C7CC11DAFC92}.Debug|Any CPU.ActiveCfg = Debug|Any CPU
		{34BB3510-3C0B-4699-8147-C7CC11DAFC92}.Debug|Any CPU.Build.0 = Debug|Any CPU
		{34BB3510-3C0B-4699-8147-C7CC11DAFC92}.Release|Any CPU.ActiveCfg = Release|Any CPU
		{34BB3510-3C0B-4699-8147-C7CC11DAFC92}.Release|Any CPU.Build.0 = Release|Any CPU
		{B13DAAE9-F309-4371-8CBC-0946807B98B2}.Debug|Any CPU.ActiveCfg = Debug|Any CPU
		{B13DAAE9-F309-4371-8CBC-0946807B98B2}.Debug|Any CPU.Build.0 = Debug|Any CPU
		{B13DAAE9-F309-4371-8CBC-0946807B98B2}.Release|Any CPU.ActiveCfg = Release|Any CPU
		{B13DAAE9-F309-4371-8CBC-0946807B98B2}.Release|Any CPU.Build.0 = Release|Any CPU
	EndGlobalSection
	GlobalSection(SolutionProperties) = preSolution
		HideSolutionNode = FALSE
	EndGlobalSection
	GlobalSection(ExtensibilityGlobals) = postSolution
		SolutionGuid = {90FF8CA5-724C-4A89-AF3A-6FC8354DAD90}
	EndGlobalSection
EndGlobal
